
Microsoft Visual Studio Solution File, Format Version 12.00
# Visual Studio Version 17
VisualStudioVersion = 17.6.33815.320
MinimumVisualStudioVersion = 10.0.40219.1
Project("{FAE04EC0-301F-11D3-BF4B-00C04F79EFBC}") = "NetFrameworkApp", "NetFrameworkApp\NetFrameworkApp.csproj", "{FA7E9672-7A08-4506-9114-0CA3F1B5170F}"
EndProject
Global
	GlobalSection(SolutionConfigurationPlatforms) = preSolution
		Debug|Any CPU = Debug|Any CPU
		Release|Any CPU = Release|Any CPU
	EndGlobalSection
	GlobalSection(ProjectConfigurationPlatforms) = postSolution
		{FA7E9672-7A08-4506-9114-0CA3F1B5170F}.Debug|Any CPU.ActiveCfg = Debug|Any CPU
		{FA7E9672-7A08-4506-9114-0CA3F1B5170F}.Debug|Any CPU.Build.0 = Debug|Any CPU
		{FA7E9672-7A08-4506-9114-0CA3F1B5170F}.Release|Any CPU.ActiveCfg = Release|Any CPU
		{FA7E9672-7A08-4506-9114-0CA3F1B5170F}.Release|Any CPU.Build.0 = Release|Any CPU
	EndGlobalSection
	GlobalSection(SolutionProperties) = preSolution
		HideSolutionNode = FALSE
	EndGlobalSection
	GlobalSection(ExtensibilityGlobals) = postSolution
		SolutionGuid = {6913D19A-DCE8-4AED-B2B3-588EEC27E042}
	EndGlobalSection
EndGlobal
